{
  "nodes": {
    "nixpkgs": {
      "locked": {
        "lastModified": 1658380158,
        "narHash": "sha256-DBunkegKWlxPZiOcw3/SNIFg93amkdGIy2g0y/jDpHg=",
        "owner": "nixos",
        "repo": "nixpkgs",
        "rev": "a65b5b3f5504b8b89c196aba733bdf2b0bd13c16",
        "type": "github"
      },
      "original": {
        "owner": "nixos",
        "ref": "nixos-unstable",
        "repo": "nixpkgs",
        "type": "github"
      }
    },
    "root": {
      "inputs": {
        "nixpkgs": "nixpkgs",
        "utils": "utils"
      }
    },
    "utils": {
      "locked": {
        "lastModified": 1656928814,
        "narHash": "sha256-RIFfgBuKz6Hp89yRr7+NR5tzIAbn52h8vT6vXkYjZoM=",
        "owner": "numtide",
        "repo": "flake-utils",
        "rev": "7e2a3b3dfd9af950a856d66b0a7d01e3c18aa249",
        "type": "github"
      },
      "original": {
        "owner": "numtide",
        "repo": "flake-utils",
        "type": "github"
      }
    }
  },
  "root": "root",
  "version": 7
}
