{
  "nodes": {
    "nixpkgs": {
      "locked": {
        "lastModified": 1658290795,
        "narHash": "sha256-t9hCidaSxPmzUimcSn51bjqcjjGsoQi6JLrAzJq0dz4=",
        "owner": "nixos",
        "repo": "nixpkgs",
        "rev": "614a842b74b7a1497e8cfca7c61bec38f51911b3",
        "type": "github"
      },
      "original": {
        "owner": "nixos",
        "ref": "nixos-unstable",
        "repo": "nixpkgs",
        "type": "github"
      }
    },
    "root": {
      "inputs": {
        "nixpkgs": "nixpkgs",
        "utils": "utils"
      }
    },
    "utils": {
      "locked": {
        "lastModified": 1656928814,
        "narHash": "sha256-RIFfgBuKz6Hp89yRr7+NR5tzIAbn52h8vT6vXkYjZoM=",
        "owner": "numtide",
        "repo": "flake-utils",
        "rev": "7e2a3b3dfd9af950a856d66b0a7d01e3c18aa249",
        "type": "github"
      },
      "original": {
        "owner": "numtide",
        "repo": "flake-utils",
        "type": "github"
      }
    }
  },
  "root": "root",
  "version": 7
}
